// !$*UTF8*$!
{
	archiveVersion = 1;
	classes = {
	};
	objectVersion = 55;
	objects = {

/* Begin PBXBuildFile section */
		344C8A1727DB5F57000B9C6F /* AppDelegate.swift in Sources */ = {isa = PBXBuildFile; fileRef = 344C8A1627DB5F57000B9C6F /* AppDelegate.swift */; };
		344C8A1927DB5F57000B9C6F /* SceneDelegate.swift in Sources */ = {isa = PBXBuildFile; fileRef = 344C8A1827DB5F57000B9C6F /* SceneDelegate.swift */; };
		344C8A1E27DB5F57000B9C6F /* Main.storyboard in Resources */ = {isa = PBXBuildFile; fileRef = 344C8A1C27DB5F57000B9C6F /* Main.storyboard */; };
		344C8A2027DB5F58000B9C6F /* Assets.xcassets in Resources */ = {isa = PBXBuildFile; fileRef = 344C8A1F27DB5F58000B9C6F /* Assets.xcassets */; };
		344C8A2327DB5F58000B9C6F /* LaunchScreen.storyboard in Resources */ = {isa = PBXBuildFile; fileRef = 344C8A2127DB5F58000B9C6F /* LaunchScreen.storyboard */; };
		344C8A2D27DB6838000B9C6F /* AppLovinMediation.storyboard in Resources */ = {isa = PBXBuildFile; fileRef = 344C8A2C27DB6838000B9C6F /* AppLovinMediation.storyboard */; };
		344C8A2F27DB6CB0000B9C6F /* Banner.swift in Sources */ = {isa = PBXBuildFile; fileRef = 344C8A2E27DB6CB0000B9C6F /* Banner.swift */; };
		344C8A3127DB70C9000B9C6F /* MRect.swift in Sources */ = {isa = PBXBuildFile; fileRef = 344C8A3027DB70C9000B9C6F /* MRect.swift */; };
		344C8A3327DB7635000B9C6F /* Interstitial.swift in Sources */ = {isa = PBXBuildFile; fileRef = 344C8A3227DB7635000B9C6F /* Interstitial.swift */; };
		344C8A3527DB7C68000B9C6F /* Rewarded.swift in Sources */ = {isa = PBXBuildFile; fileRef = 344C8A3427DB7C68000B9C6F /* Rewarded.swift */; };
		925E50AB273973C94276B6C5 /* Pods_AppLovin_Mediation_Waterfall_Demo.framework in Frameworks */ = {isa = PBXBuildFile; fileRef = 8823F9A5B3BC7D395054FDD6 /* Pods_AppLovin_Mediation_Waterfall_Demo.framework */; };
/* End PBXBuildFile section */

/* Begin PBXFileReference section */
		344C8A1327DB5F57000B9C6F /* AppLovin Mediation Waterfall Demo.app */ = {isa = PBXFileReference; explicitFileType = wrapper.application; includeInIndex = 0; path = "AppLovin Mediation Waterfall Demo.app"; sourceTree = BUILT_PRODUCTS_DIR; };
		344C8A1627DB5F57000B9C6F /* AppDelegate.swift */ = {isa = PBXFileReference; lastKnownFileType = sourcecode.swift; path = AppDelegate.swift; sourceTree = "<group>"; };
		344C8A1827DB5F57000B9C6F /* SceneDelegate.swift */ = {isa = PBXFileReference; lastKnownFileType = sourcecode.swift; path = SceneDelegate.swift; sourceTree = "<group>"; };
		344C8A1D27DB5F57000B9C6F /* Base */ = {isa = PBXFileReference; lastKnownFileType = file.storyboard; name = Base; path = Base.lproj/Main.storyboard; sourceTree = "<group>"; };
		344C8A1F27DB5F58000B9C6F /* Assets.xcassets */ = {isa = PBXFileReference; lastKnownFileType = folder.assetcatalog; path = Assets.xcassets; sourceTree = "<group>"; };
		344C8A2227DB5F58000B9C6F /* Base */ = {isa = PBXFileReference; lastKnownFileType = file.storyboard; name = Base; path = Base.lproj/LaunchScreen.storyboard; sourceTree = "<group>"; };
		344C8A2427DB5F58000B9C6F /* Info.plist */ = {isa = PBXFileReference; lastKnownFileType = text.plist.xml; path = Info.plist; sourceTree = "<group>"; };
		344C8A2C27DB6838000B9C6F /* AppLovinMediation.storyboard */ = {isa = PBXFileReference; lastKnownFileType = file.storyboard; path = AppLovinMediation.storyboard; sourceTree = "<group>"; };
		344C8A2E27DB6CB0000B9C6F /* Banner.swift */ = {isa = PBXFileReference; lastKnownFileType = sourcecode.swift; path = Banner.swift; sourceTree = "<group>"; };
		344C8A3027DB70C9000B9C6F /* MRect.swift */ = {isa = PBXFileReference; lastKnownFileType = sourcecode.swift; path = MRect.swift; sourceTree = "<group>"; };
		344C8A3227DB7635000B9C6F /* Interstitial.swift */ = {isa = PBXFileReference; lastKnownFileType = sourcecode.swift; path = Interstitial.swift; sourceTree = "<group>"; };
		344C8A3427DB7C68000B9C6F /* Rewarded.swift */ = {isa = PBXFileReference; lastKnownFileType = sourcecode.swift; path = Rewarded.swift; sourceTree = "<group>"; };
		8823F9A5B3BC7D395054FDD6 /* Pods_AppLovin_Mediation_Waterfall_Demo.framework */ = {isa = PBXFileReference; explicitFileType = wrapper.framework; includeInIndex = 0; path = Pods_AppLovin_Mediation_Waterfall_Demo.framework; sourceTree = BUILT_PRODUCTS_DIR; };
		AB4569BDF16E3FAAC4CE8CD1 /* Pods-AppLovin Mediation Waterfall Demo.debug.xcconfig */ = {isa = PBXFileReference; includeInIndex = 1; lastKnownFileType = text.xcconfig; name = "Pods-AppLovin Mediation Waterfall Demo.debug.xcconfig"; path = "Target Support Files/Pods-AppLovin Mediation Waterfall Demo/Pods-AppLovin Mediation Waterfall Demo.debug.xcconfig"; sourceTree = "<group>"; };
		D6E51C4E3CADE4E9AD08A05E /* Pods-AppLovin Mediation Waterfall Demo.release.xcconfig */ = {isa = PBXFileReference; includeInIndex = 1; lastKnownFileType = text.xcconfig; name = "Pods-AppLovin Mediation Waterfall Demo.release.xcconfig"; path = "Target Support Files/Pods-AppLovin Mediation Waterfall Demo/Pods-AppLovin Mediation Waterfall Demo.release.xcconfig"; sourceTree = "<group>"; };
/* End PBXFileReference section */

/* Begin PBXFrameworksBuildPhase section */
		344C8A1027DB5F57000B9C6F /* Frameworks */ = {
			isa = PBXFrameworksBuildPhase;
			buildActionMask = 2147483647;
			files = (
				925E50AB273973C94276B6C5 /* Pods_AppLovin_Mediation_Waterfall_Demo.framework in Frameworks */,
			);
			runOnlyForDeploymentPostprocessing = 0;
		};
/* End PBXFrameworksBuildPhase section */

/* Begin PBXGroup section */
		344C8A0A27DB5F57000B9C6F = {
			isa = PBXGroup;
			children = (
				344C8A1527DB5F57000B9C6F /* AppLovin Mediation Waterfall Demo */,
				344C8A1427DB5F57000B9C6F /* Products */,
				67D84FD43507C10D9A76C21C /* Pods */,
				6A3C5B1FFABFB33A96DC6FCD /* Frameworks */,
			);
			sourceTree = "<group>";
		};
		344C8A1427DB5F57000B9C6F /* Products */ = {
			isa = PBXGroup;
			children = (
				344C8A1327DB5F57000B9C6F /* AppLovin Mediation Waterfall Demo.app */,
			);
			name = Products;
			sourceTree = "<group>";
		};
		344C8A1527DB5F57000B9C6F /* AppLovin Mediation Waterfall Demo */ = {
			isa = PBXGroup;
			children = (
				344C8A1627DB5F57000B9C6F /* AppDelegate.swift */,
				344C8A1827DB5F57000B9C6F /* SceneDelegate.swift */,
				344C8A2A27DB6213000B9C6F /* Examples */,
				344C8A2B27DB6220000B9C6F /* Storyboards and Xibs */,
				344C8A1F27DB5F58000B9C6F /* Assets.xcassets */,
				344C8A2127DB5F58000B9C6F /* LaunchScreen.storyboard */,
				344C8A2427DB5F58000B9C6F /* Info.plist */,
			);
			path = "AppLovin Mediation Waterfall Demo";
			sourceTree = "<group>";
		};
		344C8A2A27DB6213000B9C6F /* Examples */ = {
			isa = PBXGroup;
			children = (
				344C8A2E27DB6CB0000B9C6F /* Banner.swift */,
				344C8A3027DB70C9000B9C6F /* MRect.swift */,
				344C8A3227DB7635000B9C6F /* Interstitial.swift */,
				344C8A3427DB7C68000B9C6F /* Rewarded.swift */,
			);
			path = Examples;
			sourceTree = "<group>";
		};
		344C8A2B27DB6220000B9C6F /* Storyboards and Xibs */ = {
			isa = PBXGroup;
			children = (
				344C8A1C27DB5F57000B9C6F /* Main.storyboard */,
				344C8A2C27DB6838000B9C6F /* AppLovinMediation.storyboard */,
			);
			path = "Storyboards and Xibs";
			sourceTree = "<group>";
		};
		67D84FD43507C10D9A76C21C /* Pods */ = {
			isa = PBXGroup;
			children = (
				AB4569BDF16E3FAAC4CE8CD1 /* Pods-AppLovin Mediation Waterfall Demo.debug.xcconfig */,
				D6E51C4E3CADE4E9AD08A05E /* Pods-AppLovin Mediation Waterfall Demo.release.xcconfig */,
			);
			path = Pods;
			sourceTree = "<group>";
		};
		6A3C5B1FFABFB33A96DC6FCD /* Frameworks */ = {
			isa = PBXGroup;
			children = (
				8823F9A5B3BC7D395054FDD6 /* Pods_AppLovin_Mediation_Waterfall_Demo.framework */,
			);
			name = Frameworks;
			sourceTree = "<group>";
		};
/* End PBXGroup section */

/* Begin PBXNativeTarget section */
		344C8A1227DB5F57000B9C6F /* AppLovin Mediation Waterfall Demo */ = {
			isa = PBXNativeTarget;
			buildConfigurationList = 344C8A2727DB5F58000B9C6F /* Build configuration list for PBXNativeTarget "AppLovin Mediation Waterfall Demo" */;
			buildPhases = (
				F593CC650A6FE07E67F3FEEC /* [CP] Check Pods Manifest.lock */,
				344C8A0F27DB5F57000B9C6F /* Sources */,
				344C8A1027DB5F57000B9C6F /* Frameworks */,
				344C8A1127DB5F57000B9C6F /* Resources */,
				A73FE301422CA6B97A74D578 /* [CP] Embed Pods Frameworks */,
			);
			buildRules = (
			);
			dependencies = (
			);
			name = "AppLovin Mediation Waterfall Demo";
			productName = "AppLovin Mediation Waterfall Demo";
			productReference = 344C8A1327DB5F57000B9C6F /* AppLovin Mediation Waterfall Demo.app */;
			productType = "com.apple.product-type.application";
		};
/* End PBXNativeTarget section */

/* Begin PBXProject section */
		344C8A0B27DB5F57000B9C6F /* Project object */ = {
			isa = PBXProject;
			attributes = {
				BuildIndependentTargetsInParallel = 1;
				LastSwiftUpdateCheck = 1310;
				LastUpgradeCheck = 1310;
				TargetAttributes = {
					344C8A1227DB5F57000B9C6F = {
						CreatedOnToolsVersion = 13.1;
					};
				};
			};
			buildConfigurationList = 344C8A0E27DB5F57000B9C6F /* Build configuration list for PBXProject "AppLovin Mediation Waterfall Demo" */;
			compatibilityVersion = "Xcode 13.0";
			developmentRegion = en;
			hasScannedForEncodings = 0;
			knownRegions = (
				en,
				Base,
			);
			mainGroup = 344C8A0A27DB5F57000B9C6F;
			productRefGroup = 344C8A1427DB5F57000B9C6F /* Products */;
			projectDirPath = "";
			projectRoot = "";
			targets = (
				344C8A1227DB5F57000B9C6F /* AppLovin Mediation Waterfall Demo */,
			);
		};
/* End PBXProject section */

/* Begin PBXResourcesBuildPhase section */
		344C8A1127DB5F57000B9C6F /* Resources */ = {
			isa = PBXResourcesBuildPhase;
			buildActionMask = 2147483647;
			files = (
				344C8A2327DB5F58000B9C6F /* LaunchScreen.storyboard in Resources */,
				344C8A2027DB5F58000B9C6F /* Assets.xcassets in Resources */,
				344C8A2D27DB6838000B9C6F /* AppLovinMediation.storyboard in Resources */,
				344C8A1E27DB5F57000B9C6F /* Main.storyboard in Resources */,
			);
			runOnlyForDeploymentPostprocessing = 0;
		};
/* End PBXResourcesBuildPhase section */

/* Begin PBXShellScriptBuildPhase section */
		A73FE301422CA6B97A74D578 /* [CP] Embed Pods Frameworks */ = {
			isa = PBXShellScriptBuildPhase;
			buildActionMask = 2147483647;
			files = (
			);
			inputFileListPaths = (
				"${PODS_ROOT}/Target Support Files/Pods-AppLovin Mediation Waterfall Demo/Pods-AppLovin Mediation Waterfall Demo-frameworks-${CONFIGURATION}-input-files.xcfilelist",
			);
			name = "[CP] Embed Pods Frameworks";
			outputFileListPaths = (
				"${PODS_ROOT}/Target Support Files/Pods-AppLovin Mediation Waterfall Demo/Pods-AppLovin Mediation Waterfall Demo-frameworks-${CONFIGURATION}-output-files.xcfilelist",
			);
			runOnlyForDeploymentPostprocessing = 0;
			shellPath = /bin/sh;
			shellScript = "\"${PODS_ROOT}/Target Support Files/Pods-AppLovin Mediation Waterfall Demo/Pods-AppLovin Mediation Waterfall Demo-frameworks.sh\"\n";
			showEnvVarsInLog = 0;
		};
		F593CC650A6FE07E67F3FEEC /* [CP] Check Pods Manifest.lock */ = {
			isa = PBXShellScriptBuildPhase;
			buildActionMask = 2147483647;
			files = (
			);
			inputFileListPaths = (
			);
			inputPaths = (
				"${PODS_PODFILE_DIR_PATH}/Podfile.lock",
				"${PODS_ROOT}/Manifest.lock",
			);
			name = "[CP] Check Pods Manifest.lock";
			outputFileListPaths = (
			);
			outputPaths = (
				"$(DERIVED_FILE_DIR)/Pods-AppLovin Mediation Waterfall Demo-checkManifestLockResult.txt",
			);
			runOnlyForDeploymentPostprocessing = 0;
			shellPath = /bin/sh;
			shellScript = "diff \"${PODS_PODFILE_DIR_PATH}/Podfile.lock\" \"${PODS_ROOT}/Manifest.lock\" > /dev/null\nif [ $? != 0 ] ; then\n    # print error to STDERR\n    echo \"error: The sandbox is not in sync with the Podfile.lock. Run 'pod install' or update your CocoaPods installation.\" >&2\n    exit 1\nfi\n# This output is used by Xcode 'outputs' to avoid re-running this script phase.\necho \"SUCCESS\" > \"${SCRIPT_OUTPUT_FILE_0}\"\n";
			showEnvVarsInLog = 0;
		};
/* End PBXShellScriptBuildPhase section */

/* Begin PBXSourcesBuildPhase section */
		344C8A0F27DB5F57000B9C6F /* Sources */ = {
			isa = PBXSourcesBuildPhase;
			buildActionMask = 2147483647;
			files = (
				344C8A1727DB5F57000B9C6F /* AppDelegate.swift in Sources */,
				344C8A3327DB7635000B9C6F /* Interstitial.swift in Sources */,
				344C8A3127DB70C9000B9C6F /* MRect.swift in Sources */,
				344C8A1927DB5F57000B9C6F /* SceneDelegate.swift in Sources */,
				344C8A2F27DB6CB0000B9C6F /* Banner.swift in Sources */,
				344C8A3527DB7C68000B9C6F /* Rewarded.swift in Sources */,
			);
			runOnlyForDeploymentPostprocessing = 0;
		};
/* End PBXSourcesBuildPhase section */

/* Begin PBXVariantGroup section */
		344C8A1C27DB5F57000B9C6F /* Main.storyboard */ = {
			isa = PBXVariantGroup;
			children = (
				344C8A1D27DB5F57000B9C6F /* Base */,
			);
			name = Main.storyboard;
			sourceTree = "<group>";
		};
		344C8A2127DB5F58000B9C6F /* LaunchScreen.storyboard */ = {
			isa = PBXVariantGroup;
			children = (
				344C8A2227DB5F58000B9C6F /* Base */,
			);
			name = LaunchScreen.storyboard;
			sourceTree = "<group>";
		};
/* End PBXVariantGroup section */

/* Begin XCBuildConfiguration section */
		344C8A2527DB5F58000B9C6F /* Debug */ = {
			isa = XCBuildConfiguration;
			buildSettings = {
				ALWAYS_SEARCH_USER_PATHS = NO;
				CLANG_ANALYZER_NONNULL = YES;
				CLANG_ANALYZER_NUMBER_OBJECT_CONVERSION = YES_AGGRESSIVE;
				CLANG_CXX_LANGUAGE_STANDARD = "gnu++17";
				CLANG_CXX_LIBRARY = "libc++";
				CLANG_ENABLE_MODULES = YES;
				CLANG_ENABLE_OBJC_ARC = YES;
				CLANG_ENABLE_OBJC_WEAK = YES;
				CLANG_WARN_BLOCK_CAPTURE_AUTORELEASING = YES;
				CLANG_WARN_BOOL_CONVERSION = YES;
				CLANG_WARN_COMMA = YES;
				CLANG_WARN_CONSTANT_CONVERSION = YES;
				CLANG_WARN_DEPRECATED_OBJC_IMPLEMENTATIONS = YES;
				CLANG_WARN_DIRECT_OBJC_ISA_USAGE = YES_ERROR;
				CLANG_WARN_DOCUMENTATION_COMMENTS = YES;
				CLANG_WARN_EMPTY_BODY = YES;
				CLANG_WARN_ENUM_CONVERSION = YES;
				CLANG_WARN_INFINITE_RECURSION = YES;
				CLANG_WARN_INT_CONVERSION = YES;
				CLANG_WARN_NON_LITERAL_NULL_CONVERSION = YES;
				CLANG_WARN_OBJC_IMPLICIT_RETAIN_SELF = YES;
				CLANG_WARN_OBJC_LITERAL_CONVERSION = YES;
				CLANG_WARN_OBJC_ROOT_CLASS = YES_ERROR;
				CLANG_WARN_QUOTED_INCLUDE_IN_FRAMEWORK_HEADER = YES;
				CLANG_WARN_RANGE_LOOP_ANALYSIS = YES;
				CLANG_WARN_STRICT_PROTOTYPES = YES;
				CLANG_WARN_SUSPICIOUS_MOVE = YES;
				CLANG_WARN_UNGUARDED_AVAILABILITY = YES_AGGRESSIVE;
				CLANG_WARN_UNREACHABLE_CODE = YES;
				CLANG_WARN__DUPLICATE_METHOD_MATCH = YES;
				COPY_PHASE_STRIP = NO;
				DEBUG_INFORMATION_FORMAT = dwarf;
				ENABLE_STRICT_OBJC_MSGSEND = YES;
				ENABLE_TESTABILITY = YES;
				GCC_C_LANGUAGE_STANDARD = gnu11;
				GCC_DYNAMIC_NO_PIC = NO;
				GCC_NO_COMMON_BLOCKS = YES;
				GCC_OPTIMIZATION_LEVEL = 0;
				GCC_PREPROCESSOR_DEFINITIONS = (
					"DEBUG=1",
					"$(inherited)",
				);
				GCC_WARN_64_TO_32_BIT_CONVERSION = YES;
				GCC_WARN_ABOUT_RETURN_TYPE = YES_ERROR;
				GCC_WARN_UNDECLARED_SELECTOR = YES;
				GCC_WARN_UNINITIALIZED_AUTOS = YES_AGGRESSIVE;
				GCC_WARN_UNUSED_FUNCTION = YES;
				GCC_WARN_UNUSED_VARIABLE = YES;
				IPHONEOS_DEPLOYMENT_TARGET = 13.0;
				MTL_ENABLE_DEBUG_INFO = INCLUDE_SOURCE;
				MTL_FAST_MATH = YES;
				ONLY_ACTIVE_ARCH = YES;
				SDKROOT = iphoneos;
				SWIFT_ACTIVE_COMPILATION_CONDITIONS = DEBUG;
				SWIFT_OPTIMIZATION_LEVEL = "-Onone";
			};
			name = Debug;
		};
		344C8A2627DB5F58000B9C6F /* Release */ = {
			isa = XCBuildConfiguration;
			buildSettings = {
				ALWAYS_SEARCH_USER_PATHS = NO;
				CLANG_ANALYZER_NONNULL = YES;
				CLANG_ANALYZER_NUMBER_OBJECT_CONVERSION = YES_AGGRESSIVE;
				CLANG_CXX_LANGUAGE_STANDARD = "gnu++17";
				CLANG_CXX_LIBRARY = "libc++";
				CLANG_ENABLE_MODULES = YES;
				CLANG_ENABLE_OBJC_ARC = YES;
				CLANG_ENABLE_OBJC_WEAK = YES;
				CLANG_WARN_BLOCK_CAPTURE_AUTORELEASING = YES;
				CLANG_WARN_BOOL_CONVERSION = YES;
				CLANG_WARN_COMMA = YES;
				CLANG_WARN_CONSTANT_CONVERSION = YES;
				CLANG_WARN_DEPRECATED_OBJC_IMPLEMENTATIONS = YES;
				CLANG_WARN_DIRECT_OBJC_ISA_USAGE = YES_ERROR;
				CLANG_WARN_DOCUMENTATION_COMMENTS = YES;
				CLANG_WARN_EMPTY_BODY = YES;
				CLANG_WARN_ENUM_CONVERSION = YES;
				CLANG_WARN_INFINITE_RECURSION = YES;
				CLANG_WARN_INT_CONVERSION = YES;
				CLANG_WARN_NON_LITERAL_NULL_CONVERSION = YES;
				CLANG_WARN_OBJC_IMPLICIT_RETAIN_SELF = YES;
				CLANG_WARN_OBJC_LITERAL_CONVERSION = YES;
				CLANG_WARN_OBJC_ROOT_CLASS = YES_ERROR;
				CLANG_WARN_QUOTED_INCLUDE_IN_FRAMEWORK_HEADER = YES;
				CLANG_WARN_RANGE_LOOP_ANALYSIS = YES;
				CLANG_WARN_STRICT_PROTOTYPES = YES;
				CLANG_WARN_SUSPICIOUS_MOVE = YES;
				CLANG_WARN_UNGUARDED_AVAILABILITY = YES_AGGRESSIVE;
				CLANG_WARN_UNREACHABLE_CODE = YES;
				CLANG_WARN__DUPLICATE_METHOD_MATCH = YES;
				COPY_PHASE_STRIP = NO;
				DEBUG_INFORMATION_FORMAT = "dwarf-with-dsym";
				ENABLE_NS_ASSERTIONS = NO;
				ENABLE_STRICT_OBJC_MSGSEND = YES;
				GCC_C_LANGUAGE_STANDARD = gnu11;
				GCC_NO_COMMON_BLOCKS = YES;
				GCC_WARN_64_TO_32_BIT_CONVERSION = YES;
				GCC_WARN_ABOUT_RETURN_TYPE = YES_ERROR;
				GCC_WARN_UNDECLARED_SELECTOR = YES;
				GCC_WARN_UNINITIALIZED_AUTOS = YES_AGGRESSIVE;
				GCC_WARN_UNUSED_FUNCTION = YES;
				GCC_WARN_UNUSED_VARIABLE = YES;
				IPHONEOS_DEPLOYMENT_TARGET = 13.0;
				MTL_ENABLE_DEBUG_INFO = NO;
				MTL_FAST_MATH = YES;
				SDKROOT = iphoneos;
				SWIFT_COMPILATION_MODE = wholemodule;
				SWIFT_OPTIMIZATION_LEVEL = "-O";
				VALIDATE_PRODUCT = YES;
			};
			name = Release;
		};
		344C8A2827DB5F58000B9C6F /* Debug */ = {
			isa = XCBuildConfiguration;
			baseConfigurationReference = AB4569BDF16E3FAAC4CE8CD1 /* Pods-AppLovin Mediation Waterfall Demo.debug.xcconfig */;
			buildSettings = {
				ASSETCATALOG_COMPILER_APPICON_NAME = AppIcon;
				ASSETCATALOG_COMPILER_GLOBAL_ACCENT_COLOR_NAME = AccentColor;
				CODE_SIGN_STYLE = Automatic;
				CURRENT_PROJECT_VERSION = 1;
				DEVELOPMENT_TEAM = TL55SBB4FM;
				GENERATE_INFOPLIST_FILE = YES;
				INFOPLIST_FILE = "AppLovin Mediation Waterfall Demo/Info.plist";
				INFOPLIST_KEY_UIApplicationSupportsIndirectInputEvents = YES;
				INFOPLIST_KEY_UILaunchStoryboardName = LaunchScreen;
				INFOPLIST_KEY_UIMainStoryboardFile = Main;
				INFOPLIST_KEY_UISupportedInterfaceOrientations_iPad = "UIInterfaceOrientationPortrait UIInterfaceOrientationPortraitUpsideDown UIInterfaceOrientationLandscapeLeft UIInterfaceOrientationLandscapeRight";
				INFOPLIST_KEY_UISupportedInterfaceOrientations_iPhone = "UIInterfaceOrientationPortrait UIInterfaceOrientationLandscapeLeft UIInterfaceOrientationLandscapeRight";
				LD_RUNPATH_SEARCH_PATHS = (
					"$(inherited)",
					"@executable_path/Frameworks",
				);
				MARKETING_VERSION = 1.0;
				PRODUCT_BUNDLE_IDENTIFIER = "net.pubnative.AppLovin-Mediation-Waterfall-Demo";
				PRODUCT_NAME = "$(TARGET_NAME)";
				SWIFT_EMIT_LOC_STRINGS = YES;
				SWIFT_VERSION = 5.0;
				TARGETED_DEVICE_FAMILY = "1,2";
			};
			name = Debug;
		};
		344C8A2927DB5F58000B9C6F /* Release */ = {
			isa = XCBuildConfiguration;
			baseConfigurationReference = D6E51C4E3CADE4E9AD08A05E /* Pods-AppLovin Mediation Waterfall Demo.release.xcconfig */;
			buildSettings = {
				ASSETCATALOG_COMPILER_APPICON_NAME = AppIcon;
				ASSETCATALOG_COMPILER_GLOBAL_ACCENT_COLOR_NAME = AccentColor;
				CODE_SIGN_STYLE = Automatic;
				CURRENT_PROJECT_VERSION = 1;
				DEVELOPMENT_TEAM = TL55SBB4FM;
				GENERATE_INFOPLIST_FILE = YES;
				INFOPLIST_FILE = "AppLovin Mediation Waterfall Demo/Info.plist";
				INFOPLIST_KEY_UIApplicationSupportsIndirectInputEvents = YES;
				INFOPLIST_KEY_UILaunchStoryboardName = LaunchScreen;
				INFOPLIST_KEY_UIMainStoryboardFile = Main;
				INFOPLIST_KEY_UISupportedInterfaceOrientations_iPad = "UIInterfaceOrientationPortrait UIInterfaceOrientationPortraitUpsideDown UIInterfaceOrientationLandscapeLeft UIInterfaceOrientationLandscapeRight";
				INFOPLIST_KEY_UISupportedInterfaceOrientations_iPhone = "UIInterfaceOrientationPortrait UIInterfaceOrientationLandscapeLeft UIInterfaceOrientationLandscapeRight";
				LD_RUNPATH_SEARCH_PATHS = (
					"$(inherited)",
					"@executable_path/Frameworks",
				);
				MARKETING_VERSION = 1.0;
				PRODUCT_BUNDLE_IDENTIFIER = "net.pubnative.AppLovin-Mediation-Waterfall-Demo";
				PRODUCT_NAME = "$(TARGET_NAME)";
				SWIFT_EMIT_LOC_STRINGS = YES;
				SWIFT_VERSION = 5.0;
				TARGETED_DEVICE_FAMILY = "1,2";
			};
			name = Release;
		};
/* End XCBuildConfiguration section */

/* Begin XCConfigurationList section */
		344C8A0E27DB5F57000B9C6F /* Build configuration list for PBXProject "AppLovin Mediation Waterfall Demo" */ = {
			isa = XCConfigurationList;
			buildConfigurations = (
				344C8A2527DB5F58000B9C6F /* Debug */,
				344C8A2627DB5F58000B9C6F /* Release */,
			);
			defaultConfigurationIsVisible = 0;
			defaultConfigurationName = Release;
		};
		344C8A2727DB5F58000B9C6F /* Build configuration list for PBXNativeTarget "AppLovin Mediation Waterfall Demo" */ = {
			isa = XCConfigurationList;
			buildConfigurations = (
				344C8A2827DB5F58000B9C6F /* Debug */,
				344C8A2927DB5F58000B9C6F /* Release */,
			);
			defaultConfigurationIsVisible = 0;
			defaultConfigurationName = Release;
		};
/* End XCConfigurationList section */
	};
	rootObject = 344C8A0B27DB5F57000B9C6F /* Project object */;
}
