PODS:
  - AppLovinMediationVerveCustomNetworkAdapter (2.14.0.0):
    - AppLovinSDK (>= 11.1.2)
    - HyBid (= 2.14.0)
  - AppLovinSDK (11.4.2)
  - HyBid (2.14.0):
    - HyBid/Banner (= 2.14.0)
    - HyBid/Core (= 2.14.0)
    - HyBid/FullScreen (= 2.14.0)
    - HyBid/Native (= 2.14.0)
    - HyBid/RewardedVideo (= 2.14.0)
  - HyBid/Banner (2.14.0):
    - HyBid/Core
  - HyBid/Core (2.14.0)
  - HyBid/FullScreen (2.14.0):
    - HyBid/Core
  - HyBid/Native (2.14.0):
    - HyBid/Core
  - HyBid/RewardedVideo (2.14.0):
    - HyBid/Core

DEPENDENCIES:
  - AppLovinMediationVerveCustomNetworkAdapter (= 2.14.0.0)

SPEC REPOS:
  trunk:
    - AppLovinMediationVerveCustomNetworkAdapter
    - AppLovinSDK
    - HyBid

SPEC CHECKSUMS:
  AppLovinMediationVerveCustomNetworkAdapter: 786342104b711b1892de912f2bd5ed8fa44c762e
  AppLovinSDK: 119a0b2a743f9d9c6002c58776b1013778a65084
  HyBid: 8c26de7af30d92b5e54fb44494c8d6cf0b33afac

PODFILE CHECKSUM: ed7ec05d2a2305cd26b2a3cb720880e44a0123e8

COCOAPODS: 1.11.3
