PODS:
  - AppLovinMediationVerveCustomNetworkAdapter (2.17.0.0):
    - AppLovinSDK (>= 11.1.2)
    - HyBid (= 2.17.0)
  - AppLovinSDK (11.6.1)
  - HyBid (2.17.0):
    - HyBid/Banner (= 2.17.0)
    - HyBid/Core (= 2.17.0)
    - HyBid/FullScreen (= 2.17.0)
    - HyBid/Native (= 2.17.0)
    - HyBid/RewardedVideo (= 2.17.0)
  - HyBid/Banner (2.17.0):
    - HyBid/Core
  - HyBid/Core (2.17.0)
  - HyBid/FullScreen (2.17.0):
    - HyBid/Core
  - HyBid/Native (2.17.0):
    - HyBid/Core
  - HyBid/RewardedVideo (2.17.0):
    - HyBid/Core

DEPENDENCIES:
  - AppLovinMediationVerveCustomNetworkAdapter (= 2.17.0.0)

SPEC REPOS:
  trunk:
    - AppLovinMediationVerveCustomNetworkAdapter
    - AppLovinSDK
    - HyBid

SPEC CHECKSUMS:
  AppLovinMediationVerveCustomNetworkAdapter: 2f12430476658cd694efa0837eabfe0f8a1fce3c
  AppLovinSDK: c72c4cc9dd61ee59827813bc99af35815c08ffd4
  HyBid: ccc524677533f3d21ef7a73cc23e24df89fc0e7b

PODFILE CHECKSUM: 9d0b1de6e02f9060a1f4e172e020e8a00f8e6d18

COCOAPODS: 1.11.3
