PODS:
  - AppLovinMediationVerveCustomNetworkAdapter (3.2.0.0):
    - AppLovinSDK (>= 13.0.0)
    - HyBid (= 3.2.0)
  - AppLovinSDK (13.1.0)
  - ATOM-Standalone (3.5.0)
  - HyBid (3.2.0):
    - HyBid/ATOM (= 3.2.0)
    - HyBid/Banner (= 3.2.0)
    - HyBid/Core (= 3.2.0)
    - HyBid/FullScreen (= 3.2.0)
    - HyBid/Native (= 3.2.0)
    - HyBid/RewardedVideo (= 3.2.0)
  - HyBid/ATOM (3.2.0):
    - ATOM-Standalone (~> 3.5.0)
    - HyBid/Core
  - HyBid/Banner (3.2.0):
    - HyBid/Core
  - HyBid/Core (3.2.0)
  - HyBid/FullScreen (3.2.0):
    - HyBid/Core
  - HyBid/Native (3.2.0):
    - HyBid/Core
  - HyBid/RewardedVideo (3.2.0):
    - HyBid/Core

DEPENDENCIES:
  - AppLovinMediationVerveCustomNetworkAdapter (= 3.2.0.0)

SPEC REPOS:
  trunk:
    - AppLovinMediationVerveCustomNetworkAdapter
    - AppLovinSDK
    - ATOM-Standalone
    - HyBid

SPEC CHECKSUMS:
  AppLovinMediationVerveCustomNetworkAdapter: 9e1fae03540a096cc312ca13dd865406ebeed54e
  AppLovinSDK: 539a0178d8bef4d68b2551a93526e0c1bba06cb2
  ATOM-Standalone: c6f8d00c510cdeec33aa95cdf1f31d78b62d0aa7
  HyBid: 575a647ce48fb4ed40dab1a1ce203b1ae0cdb294

PODFILE CHECKSUM: d8fe607eceff1c9f0b96ff361a29032062a5741d

COCOAPODS: 1.16.1
